github.com/ChannelMeter/iso8601duration v0.0.0-20150204201828-8da3af7a2a61 h1:N5Vqww5QISEHsWHOWDEx4PzdIay3Cg0Jp7zItq2ZAro=
github.com/ChannelMeter/iso8601duration v0.0.0-20150204201828-8da3af7a2a61/go.mod h1:GnKXcK+7DYNy/8w2Ex//Uql4IgfaU82Cd5rWKb7ah00=
github.com/apognu/gocal v0.9.0 h1:2lGdZprjYs9A6l1RTEmapmpE1PiDbXNX8bUVqZt3vm4=
github.com/apognu/gocal v0.9.0/go.mod h1:ZOJfNOqpz8aasi3uqzDu+eWTT6VuEa/TvQWiYYWlb80=
github.com/channelmeter/iso8601duration v0.0.0-20150204201828-8da3af7a2a61/go.mod h1:Rp8e0DCtEKwXFOC6JPJQVTz8tuGoGvw6Xfexggh/ed0=
github.com/davecgh/go-spew v1.1.1/go.mod h1:J7Y8YcW2NihsgmVo/mv3lAwl/skON4iLHjSsI+c5H38=
github.com/hugolgst/rich-go v0.0.0-20210925091458-d59fb695d9c0 h1:IkZfZBWufGFLvci1vXLiUu8PWVtG6wlz920CMtHobMo=
github.com/hugolgst/rich-go v0.0.0-20210925091458-d59fb695d9c0/go.mod h1:nGaW7CGfNZnhtiFxMpc4OZdqIexGXjUlBnlmpZmjEKA=
github.com/iPaladinLLC/caldav-go v0.0.0-20181218134336-21b709786f6b h1:6MmjdbDcUAgraRbisQlB24nOIkEec5US+N5iJzxD+B0=
github.com/iPaladinLLC/caldav-go v0.0.0-20181218134336-21b709786f6b/go.mod h1:rqsvdo0rSZUa5jdYlAff/IOi20Mh+NYRvRQoyui67iQ=
github.com/pmezard/go-difflib v1.0.0/go.mod h1:iKH77koFhYxTK1pcRnkKkqfTogsbg7gZNVY4sRDYZ/4=
github.com/stretchr/testify v1.2.0/go.mod h1:a8OnRcib4nhh0OaRAV+Yts87kKdq0PP7pXfy6kDkUVs=
github.com/tidwall/jsonc v0.3.2 h1:ZTKrmejRlAJYdn0kcaFqRAKlxxFIC21pYq8vLa4p2Wc=
github.com/tidwall/jsonc v0.3.2/go.mod h1:dw+3CIxqHi+t8eFSpzzMlcVYxKp08UP5CD8/uSFCyJE=
gopkg.in/natefinch/npipe.v2 v2.0.0-20160621034901-c1b8fa8bdcce h1:+JknDZhAj8YMt7GC73Ei8pv4MzjDUNPHgQWJdtMAaDU=
gopkg.in/natefinch/npipe.v2 v2.0.0-20160621034901-c1b8fa8bdcce/go.mod h1:5AcXVHNjg+BDxry382+8OKon8SEWiKktQR07RKPsv1c=
